
Microsoft Visual Studio Solution File, Format Version 12.00
# Visual Studio Version 16
VisualStudioVersion = 16.0.30225.117
MinimumVisualStudioVersion = 10.0.40219.1
Project("{FAE04EC0-301F-11D3-BF4B-00C04F79EFBC}") = "LoggerDemo", "LoggerDemo\LoggerDemo.csproj", "{6BF75E5E-66C5-40C4-BE71-53086BA57EDC}"
EndProject
Global
	GlobalSection(SolutionConfigurationPlatforms) = preSolution
		Debug|Any CPU = Debug|Any CPU
		Release|Any CPU = Release|Any CPU
	EndGlobalSection
	GlobalSection(ProjectConfigurationPlatforms) = postSolution
		{6BF75E5E-66C5-40C4-BE71-53086BA57EDC}.Debug|Any CPU.ActiveCfg = Debug|Any CPU
		{6BF75E5E-66C5-40C4-BE71-53086BA57EDC}.Debug|Any CPU.Build.0 = Debug|Any CPU
		{6BF75E5E-66C5-40C4-BE71-53086BA57EDC}.Release|Any CPU.ActiveCfg = Release|Any CPU
		{6BF75E5E-66C5-40C4-BE71-53086BA57EDC}.Release|Any CPU.Build.0 = Release|Any CPU
	EndGlobalSection
	GlobalSection(SolutionProperties) = preSolution
		HideSolutionNode = FALSE
	EndGlobalSection
	GlobalSection(ExtensibilityGlobals) = postSolution
		SolutionGuid = {F7B45CEB-C899-4786-81E2-4C6757876952}
	EndGlobalSection
EndGlobal
